// !$*UTF8*$!
{
	archiveVersion = 1;
	classes = {
	};
	objectVersion = 55;
	objects = {

/* Begin PBXBuildFile section */
		EDBE66172E87F54800DCA52E /* Gym_Bob_AppApp.swift in Sources */ = {isa = PBXBuildFile; fileRef = EDBE66162E87F54800DCA52E /* Gym_Bob_AppApp.swift */; };
		EDBE66192E87F54800DCA52E /* ContentView.swift in Sources */ = {isa = PBXBuildFile; fileRef = EDBE66182E87F54800DCA52E /* ContentView.swift */; };
		EDBE661B2E87F54C00DCA52E /* Assets.xcassets in Resources */ = {isa = PBXBuildFile; fileRef = EDBE661A2E87F54C00DCA52E /* Assets.xcassets */; };
		EDBE661E2E87F54C00DCA52E /* Preview Assets.xcassets in Resources */ = {isa = PBXBuildFile; fileRef = EDBE661D2E87F54C00DCA52E /* Preview Assets.xcassets */; };
		EDBE66202E87F54C00DCA52E /* Persistence.swift in Sources */ = {isa = PBXBuildFile; fileRef = EDBE661F2E87F54C00DCA52E /* Persistence.swift */; };
		EDBE66232E87F54C00DCA52E /* Gym_Bob_App.xcdatamodeld in Sources */ = {isa = PBXBuildFile; fileRef = EDBE66212E87F54C00DCA52E /* Gym_Bob_App.xcdatamodeld */; };
		EDBE662D2E87F54D00DCA52E /* Gym_Bob_AppTests.swift in Sources */ = {isa = PBXBuildFile; fileRef = EDBE662C2E87F54D00DCA52E /* Gym_Bob_AppTests.swift */; };
		EDBE66372E87F54D00DCA52E /* Gym_Bob_AppUITests.swift in Sources */ = {isa = PBXBuildFile; fileRef = EDBE66362E87F54D00DCA52E /* Gym_Bob_AppUITests.swift */; };
		EDBE66392E87F54D00DCA52E /* Gym_Bob_AppUITestsLaunchTests.swift in Sources */ = {isa = PBXBuildFile; fileRef = EDBE66382E87F54D00DCA52E /* Gym_Bob_AppUITestsLaunchTests.swift */; };
		EDBE666A2E87F56400DCA52E /* LoginViewModel.swift in Sources */ = {isa = PBXBuildFile; fileRef = EDBE66462E87F56200DCA52E /* LoginViewModel.swift */; };
		EDBE666B2E87F56400DCA52E /* loginUsingPhone.json in Resources */ = {isa = PBXBuildFile; fileRef = EDBE66482E87F56200DCA52E /* loginUsingPhone.json */; };
		EDBE666C2E87F56400DCA52E /* Constants.swift in Sources */ = {isa = PBXBuildFile; fileRef = EDBE664A2E87F56200DCA52E /* Constants.swift */; };
		EDBE666D2E87F56400DCA52E /* APIClient.swift in Sources */ = {isa = PBXBuildFile; fileRef = EDBE664B2E87F56200DCA52E /* APIClient.swift */; };
		EDBE666E2E87F56400DCA52E /* APIRouter.swift in Sources */ = {isa = PBXBuildFile; fileRef = EDBE664C2E87F56200DCA52E /* APIRouter.swift */; };
		EDBE666F2E87F56400DCA52E /* LoginView.swift in Sources */ = {isa = PBXBuildFile; fileRef = EDBE664F2E87F56300DCA52E /* LoginView.swift */; };
		EDBE66702E87F56400DCA52E /* LoginUIView.swift in Sources */ = {isa = PBXBuildFile; fileRef = EDBE66502E87F56300DCA52E /* LoginUIView.swift */; };
		EDBE66712E87F56400DCA52E /* DashboardView.swift in Sources */ = {isa = PBXBuildFile; fileRef = EDBE66522E87F56300DCA52E /* DashboardView.swift */; };
		EDBE66722E87F56400DCA52E /* Login_View.swift in Sources */ = {isa = PBXBuildFile; fileRef = EDBE66532E87F56300DCA52E /* Login_View.swift */; };
		EDBE66732E87F56400DCA52E /* CountryPickerView.swift in Sources */ = {isa = PBXBuildFile; fileRef = EDBE66542E87F56300DCA52E /* CountryPickerView.swift */; };
		EDBE66742E87F56400DCA52E /* CodeEntryView.swift in Sources */ = {isa = PBXBuildFile; fileRef = EDBE66552E87F56300DCA52E /* CodeEntryView.swift */; };
		EDBE66752E87F56400DCA52E /* PasswordEntryView.swift in Sources */ = {isa = PBXBuildFile; fileRef = EDBE66562E87F56300DCA52E /* PasswordEntryView.swift */; };
		EDBE66762E87F56400DCA52E /* PasswordSecondCreationView.swift in Sources */ = {isa = PBXBuildFile; fileRef = EDBE66572E87F56300DCA52E /* PasswordSecondCreationView.swift */; };
		EDBE66772E87F56400DCA52E /* PhoneEntryView.swift in Sources */ = {isa = PBXBuildFile; fileRef = EDBE66582E87F56300DCA52E /* PhoneEntryView.swift */; };
		EDBE66782E87F56400DCA52E /* PasswordCreationView.swift in Sources */ = {isa = PBXBuildFile; fileRef = EDBE66592E87F56300DCA52E /* PasswordCreationView.swift */; };
		EDBE66792E87F56400DCA52E /* PhoneLoginView.swift in Sources */ = {isa = PBXBuildFile; fileRef = EDBE665A2E87F56300DCA52E /* PhoneLoginView.swift */; };
		EDBE667A2E87F56400DCA52E /* TermsConditionsView.swift in Sources */ = {isa = PBXBuildFile; fileRef = EDBE665B2E87F56300DCA52E /* TermsConditionsView.swift */; };
		EDBE667B2E87F56400DCA52E /* ExistingUserLoginView.swift in Sources */ = {isa = PBXBuildFile; fileRef = EDBE665C2E87F56300DCA52E /* ExistingUserLoginView.swift */; };
		EDBE667C2E87F56400DCA52E /* LoginFlowView.swift in Sources */ = {isa = PBXBuildFile; fileRef = EDBE665D2E87F56300DCA52E /* LoginFlowView.swift */; };
		EDBE667D2E87F56400DCA52E /* Country.swift in Sources */ = {isa = PBXBuildFile; fileRef = EDBE665F2E87F56300DCA52E /* Country.swift */; };
		EDBE667E2E87F56400DCA52E /* BlurView.swift in Sources */ = {isa = PBXBuildFile; fileRef = EDBE66612E87F56400DCA52E /* BlurView.swift */; };
		EDBE667F2E87F56400DCA52E /* Color+hexValue.swift in Sources */ = {isa = PBXBuildFile; fileRef = EDBE66622E87F56400DCA52E /* Color+hexValue.swift */; };
		EDBE66802E87F56400DCA52E /* FloatingPhoneField.swift in Sources */ = {isa = PBXBuildFile; fileRef = EDBE66632E87F56400DCA52E /* FloatingPhoneField.swift */; };
		EDBE66812E87F56400DCA52E /* NetworkHelper.swift in Sources */ = {isa = PBXBuildFile; fileRef = EDBE66642E87F56400DCA52E /* NetworkHelper.swift */; };
		EDBE66822E87F56400DCA52E /* UIWindow+UDID.swift in Sources */ = {isa = PBXBuildFile; fileRef = EDBE66652E87F56400DCA52E /* UIWindow+UDID.swift */; };
		EDBE66832E87F56400DCA52E /* CheckboxToggleStyle.swift in Sources */ = {isa = PBXBuildFile; fileRef = EDBE66662E87F56400DCA52E /* CheckboxToggleStyle.swift */; };
		EDBE66842E87F56400DCA52E /* ClearBackgroundPage.swift in Sources */ = {isa = PBXBuildFile; fileRef = EDBE66672E87F56400DCA52E /* ClearBackgroundPage.swift */; };
		EDBE66852E87F56400DCA52E /* String+validation.swift in Sources */ = {isa = PBXBuildFile; fileRef = EDBE66682E87F56400DCA52E /* String+validation.swift */; };
		EDBE66862E87F56400DCA52E /* AttributedTextView.swift in Sources */ = {isa = PBXBuildFile; fileRef = EDBE66692E87F56400DCA52E /* AttributedTextView.swift */; };
/* End PBXBuildFile section */

/* Begin PBXContainerItemProxy section */
		EDBE66292E87F54D00DCA52E /* PBXContainerItemProxy */ = {
			isa = PBXContainerItemProxy;
			containerPortal = EDBE660B2E87F54800DCA52E /* Project object */;
			proxyType = 1;
			remoteGlobalIDString = EDBE66122E87F54800DCA52E;
			remoteInfo = Gym_Bob_App;
		};
		EDBE66332E87F54D00DCA52E /* PBXContainerItemProxy */ = {
			isa = PBXContainerItemProxy;
			containerPortal = EDBE660B2E87F54800DCA52E /* Project object */;
			proxyType = 1;
			remoteGlobalIDString = EDBE66122E87F54800DCA52E;
			remoteInfo = Gym_Bob_App;
		};
/* End PBXContainerItemProxy section */

/* Begin PBXFileReference section */
		EDBE66132E87F54800DCA52E /* Gym_Bob_App.app */ = {isa = PBXFileReference; explicitFileType = wrapper.application; includeInIndex = 0; path = Gym_Bob_App.app; sourceTree = BUILT_PRODUCTS_DIR; };
		EDBE66162E87F54800DCA52E /* Gym_Bob_AppApp.swift */ = {isa = PBXFileReference; lastKnownFileType = sourcecode.swift; path = Gym_Bob_AppApp.swift; sourceTree = "<group>"; };
		EDBE66182E87F54800DCA52E /* ContentView.swift */ = {isa = PBXFileReference; lastKnownFileType = sourcecode.swift; path = ContentView.swift; sourceTree = "<group>"; };
		EDBE661A2E87F54C00DCA52E /* Assets.xcassets */ = {isa = PBXFileReference; lastKnownFileType = folder.assetcatalog; path = Assets.xcassets; sourceTree = "<group>"; };
		EDBE661D2E87F54C00DCA52E /* Preview Assets.xcassets */ = {isa = PBXFileReference; lastKnownFileType = folder.assetcatalog; path = "Preview Assets.xcassets"; sourceTree = "<group>"; };
		EDBE661F2E87F54C00DCA52E /* Persistence.swift */ = {isa = PBXFileReference; lastKnownFileType = sourcecode.swift; path = Persistence.swift; sourceTree = "<group>"; };
		EDBE66222E87F54C00DCA52E /* Gym_Bob_App.xcdatamodel */ = {isa = PBXFileReference; lastKnownFileType = wrapper.xcdatamodel; path = Gym_Bob_App.xcdatamodel; sourceTree = "<group>"; };
		EDBE66282E87F54D00DCA52E /* Gym_Bob_AppTests.xctest */ = {isa = PBXFileReference; explicitFileType = wrapper.cfbundle; includeInIndex = 0; path = Gym_Bob_AppTests.xctest; sourceTree = BUILT_PRODUCTS_DIR; };
		EDBE662C2E87F54D00DCA52E /* Gym_Bob_AppTests.swift */ = {isa = PBXFileReference; lastKnownFileType = sourcecode.swift; path = Gym_Bob_AppTests.swift; sourceTree = "<group>"; };
		EDBE66322E87F54D00DCA52E /* Gym_Bob_AppUITests.xctest */ = {isa = PBXFileReference; explicitFileType = wrapper.cfbundle; includeInIndex = 0; path = Gym_Bob_AppUITests.xctest; sourceTree = BUILT_PRODUCTS_DIR; };
		EDBE66362E87F54D00DCA52E /* Gym_Bob_AppUITests.swift */ = {isa = PBXFileReference; lastKnownFileType = sourcecode.swift; path = Gym_Bob_AppUITests.swift; sourceTree = "<group>"; };
		EDBE66382E87F54D00DCA52E /* Gym_Bob_AppUITestsLaunchTests.swift */ = {isa = PBXFileReference; lastKnownFileType = sourcecode.swift; path = Gym_Bob_AppUITestsLaunchTests.swift; sourceTree = "<group>"; };
		EDBE66462E87F56200DCA52E /* LoginViewModel.swift */ = {isa = PBXFileReference; fileEncoding = 4; lastKnownFileType = sourcecode.swift; path = LoginViewModel.swift; sourceTree = "<group>"; };
		EDBE66482E87F56200DCA52E /* loginUsingPhone.json */ = {isa = PBXFileReference; fileEncoding = 4; lastKnownFileType = text.json; path = loginUsingPhone.json; sourceTree = "<group>"; };
		EDBE664A2E87F56200DCA52E /* Constants.swift */ = {isa = PBXFileReference; fileEncoding = 4; lastKnownFileType = sourcecode.swift; path = Constants.swift; sourceTree = "<group>"; };
		EDBE664B2E87F56200DCA52E /* APIClient.swift */ = {isa = PBXFileReference; fileEncoding = 4; lastKnownFileType = sourcecode.swift; path = APIClient.swift; sourceTree = "<group>"; };
		EDBE664C2E87F56200DCA52E /* APIRouter.swift */ = {isa = PBXFileReference; fileEncoding = 4; lastKnownFileType = sourcecode.swift; path = APIRouter.swift; sourceTree = "<group>"; };
		EDBE664F2E87F56300DCA52E /* LoginView.swift */ = {isa = PBXFileReference; fileEncoding = 4; lastKnownFileType = sourcecode.swift; path = LoginView.swift; sourceTree = "<group>"; };
		EDBE66502E87F56300DCA52E /* LoginUIView.swift */ = {isa = PBXFileReference; fileEncoding = 4; lastKnownFileType = sourcecode.swift; path = LoginUIView.swift; sourceTree = "<group>"; };
		EDBE66522E87F56300DCA52E /* DashboardView.swift */ = {isa = PBXFileReference; fileEncoding = 4; lastKnownFileType = sourcecode.swift; path = DashboardView.swift; sourceTree = "<group>"; };
		EDBE66532E87F56300DCA52E /* Login_View.swift */ = {isa = PBXFileReference; fileEncoding = 4; lastKnownFileType = sourcecode.swift; path = Login_View.swift; sourceTree = "<group>"; };
		EDBE66542E87F56300DCA52E /* CountryPickerView.swift */ = {isa = PBXFileReference; fileEncoding = 4; lastKnownFileType = sourcecode.swift; path = CountryPickerView.swift; sourceTree = "<group>"; };
		EDBE66552E87F56300DCA52E /* CodeEntryView.swift */ = {isa = PBXFileReference; fileEncoding = 4; lastKnownFileType = sourcecode.swift; path = CodeEntryView.swift; sourceTree = "<group>"; };
		EDBE66562E87F56300DCA52E /* PasswordEntryView.swift */ = {isa = PBXFileReference; fileEncoding = 4; lastKnownFileType = sourcecode.swift; path = PasswordEntryView.swift; sourceTree = "<group>"; };
		EDBE66572E87F56300DCA52E /* PasswordSecondCreationView.swift */ = {isa = PBXFileReference; fileEncoding = 4; lastKnownFileType = sourcecode.swift; path = PasswordSecondCreationView.swift; sourceTree = "<group>"; };
		EDBE66582E87F56300DCA52E /* PhoneEntryView.swift */ = {isa = PBXFileReference; fileEncoding = 4; lastKnownFileType = sourcecode.swift; path = PhoneEntryView.swift; sourceTree = "<group>"; };
		EDBE66592E87F56300DCA52E /* PasswordCreationView.swift */ = {isa = PBXFileReference; fileEncoding = 4; lastKnownFileType = sourcecode.swift; path = PasswordCreationView.swift; sourceTree = "<group>"; };
		EDBE665A2E87F56300DCA52E /* PhoneLoginView.swift */ = {isa = PBXFileReference; fileEncoding = 4; lastKnownFileType = sourcecode.swift; path = PhoneLoginView.swift; sourceTree = "<group>"; };
		EDBE665B2E87F56300DCA52E /* TermsConditionsView.swift */ = {isa = PBXFileReference; fileEncoding = 4; lastKnownFileType = sourcecode.swift; path = TermsConditionsView.swift; sourceTree = "<group>"; };
		EDBE665C2E87F56300DCA52E /* ExistingUserLoginView.swift */ = {isa = PBXFileReference; fileEncoding = 4; lastKnownFileType = sourcecode.swift; path = ExistingUserLoginView.swift; sourceTree = "<group>"; };
		EDBE665D2E87F56300DCA52E /* LoginFlowView.swift */ = {isa = PBXFileReference; fileEncoding = 4; lastKnownFileType = sourcecode.swift; path = LoginFlowView.swift; sourceTree = "<group>"; };
		EDBE665F2E87F56300DCA52E /* Country.swift */ = {isa = PBXFileReference; fileEncoding = 4; lastKnownFileType = sourcecode.swift; path = Country.swift; sourceTree = "<group>"; };
		EDBE66612E87F56400DCA52E /* BlurView.swift */ = {isa = PBXFileReference; fileEncoding = 4; lastKnownFileType = sourcecode.swift; path = BlurView.swift; sourceTree = "<group>"; };
		EDBE66622E87F56400DCA52E /* Color+hexValue.swift */ = {isa = PBXFileReference; fileEncoding = 4; lastKnownFileType = sourcecode.swift; path = "Color+hexValue.swift"; sourceTree = "<group>"; };
		EDBE66632E87F56400DCA52E /* FloatingPhoneField.swift */ = {isa = PBXFileReference; fileEncoding = 4; lastKnownFileType = sourcecode.swift; path = FloatingPhoneField.swift; sourceTree = "<group>"; };
		EDBE66642E87F56400DCA52E /* NetworkHelper.swift */ = {isa = PBXFileReference; fileEncoding = 4; lastKnownFileType = sourcecode.swift; path = NetworkHelper.swift; sourceTree = "<group>"; };
		EDBE66652E87F56400DCA52E /* UIWindow+UDID.swift */ = {isa = PBXFileReference; fileEncoding = 4; lastKnownFileType = sourcecode.swift; path = "UIWindow+UDID.swift"; sourceTree = "<group>"; };
		EDBE66662E87F56400DCA52E /* CheckboxToggleStyle.swift */ = {isa = PBXFileReference; fileEncoding = 4; lastKnownFileType = sourcecode.swift; path = CheckboxToggleStyle.swift; sourceTree = "<group>"; };
		EDBE66672E87F56400DCA52E /* ClearBackgroundPage.swift */ = {isa = PBXFileReference; fileEncoding = 4; lastKnownFileType = sourcecode.swift; path = ClearBackgroundPage.swift; sourceTree = "<group>"; };
		EDBE66682E87F56400DCA52E /* String+validation.swift */ = {isa = PBXFileReference; fileEncoding = 4; lastKnownFileType = sourcecode.swift; path = "String+validation.swift"; sourceTree = "<group>"; };
		EDBE66692E87F56400DCA52E /* AttributedTextView.swift */ = {isa = PBXFileReference; fileEncoding = 4; lastKnownFileType = sourcecode.swift; path = AttributedTextView.swift; sourceTree = "<group>"; };
/* End PBXFileReference section */

/* Begin PBXFrameworksBuildPhase section */
		EDBE66102E87F54800DCA52E /* Frameworks */ = {
			isa = PBXFrameworksBuildPhase;
			buildActionMask = 2147483647;
			files = (
			);
			runOnlyForDeploymentPostprocessing = 0;
		};
		EDBE66252E87F54D00DCA52E /* Frameworks */ = {
			isa = PBXFrameworksBuildPhase;
			buildActionMask = 2147483647;
			files = (
			);
			runOnlyForDeploymentPostprocessing = 0;
		};
		EDBE662F2E87F54D00DCA52E /* Frameworks */ = {
			isa = PBXFrameworksBuildPhase;
			buildActionMask = 2147483647;
			files = (
			);
			runOnlyForDeploymentPostprocessing = 0;
		};
/* End PBXFrameworksBuildPhase section */

/* Begin PBXGroup section */
		EDBE660A2E87F54800DCA52E = {
			isa = PBXGroup;
			children = (
				EDBE66152E87F54800DCA52E /* Gym_Bob_App */,
				EDBE662B2E87F54D00DCA52E /* Gym_Bob_AppTests */,
				EDBE66352E87F54D00DCA52E /* Gym_Bob_AppUITests */,
				EDBE66142E87F54800DCA52E /* Products */,
			);
			sourceTree = "<group>";
		};
		EDBE66142E87F54800DCA52E /* Products */ = {
			isa = PBXGroup;
			children = (
				EDBE66132E87F54800DCA52E /* Gym_Bob_App.app */,
				EDBE66282E87F54D00DCA52E /* Gym_Bob_AppTests.xctest */,
				EDBE66322E87F54D00DCA52E /* Gym_Bob_AppUITests.xctest */,
			);
			name = Products;
			sourceTree = "<group>";
		};
		EDBE66152E87F54800DCA52E /* Gym_Bob_App */ = {
			isa = PBXGroup;
			children = (
				EDBE66492E87F56200DCA52E /* API */,
				EDBE66472E87F56200DCA52E /* JSON Files */,
				EDBE665E2E87F56300DCA52E /* Models */,
				EDBE66602E87F56400DCA52E /* Supporting Files */,
				EDBE66452E87F56200DCA52E /* View Models */,
				EDBE664D2E87F56300DCA52E /* Views */,
				EDBE66162E87F54800DCA52E /* Gym_Bob_AppApp.swift */,
				EDBE66182E87F54800DCA52E /* ContentView.swift */,
				EDBE661A2E87F54C00DCA52E /* Assets.xcassets */,
				EDBE661F2E87F54C00DCA52E /* Persistence.swift */,
				EDBE66212E87F54C00DCA52E /* Gym_Bob_App.xcdatamodeld */,
				EDBE661C2E87F54C00DCA52E /* Preview Content */,
			);
			path = Gym_Bob_App;
			sourceTree = "<group>";
		};
		EDBE661C2E87F54C00DCA52E /* Preview Content */ = {
			isa = PBXGroup;
			children = (
				EDBE661D2E87F54C00DCA52E /* Preview Assets.xcassets */,
			);
			path = "Preview Content";
			sourceTree = "<group>";
		};
		EDBE662B2E87F54D00DCA52E /* Gym_Bob_AppTests */ = {
			isa = PBXGroup;
			children = (
				EDBE662C2E87F54D00DCA52E /* Gym_Bob_AppTests.swift */,
			);
			path = Gym_Bob_AppTests;
			sourceTree = "<group>";
		};
		EDBE66352E87F54D00DCA52E /* Gym_Bob_AppUITests */ = {
			isa = PBXGroup;
			children = (
				EDBE66362E87F54D00DCA52E /* Gym_Bob_AppUITests.swift */,
				EDBE66382E87F54D00DCA52E /* Gym_Bob_AppUITestsLaunchTests.swift */,
			);
			path = Gym_Bob_AppUITests;
			sourceTree = "<group>";
		};
		EDBE66452E87F56200DCA52E /* View Models */ = {
			isa = PBXGroup;
			children = (
				EDBE66462E87F56200DCA52E /* LoginViewModel.swift */,
			);
			path = "View Models";
			sourceTree = "<group>";
		};
		EDBE66472E87F56200DCA52E /* JSON Files */ = {
			isa = PBXGroup;
			children = (
				EDBE66482E87F56200DCA52E /* loginUsingPhone.json */,
			);
			path = "JSON Files";
			sourceTree = "<group>";
		};
		EDBE66492E87F56200DCA52E /* API */ = {
			isa = PBXGroup;
			children = (
				EDBE664A2E87F56200DCA52E /* Constants.swift */,
				EDBE664B2E87F56200DCA52E /* APIClient.swift */,
				EDBE664C2E87F56200DCA52E /* APIRouter.swift */,
			);
			path = API;
			sourceTree = "<group>";
		};
		EDBE664D2E87F56300DCA52E /* Views */ = {
			isa = PBXGroup;
			children = (
				EDBE664E2E87F56300DCA52E /* Authentication */,
			);
			path = Views;
			sourceTree = "<group>";
		};
		EDBE664E2E87F56300DCA52E /* Authentication */ = {
			isa = PBXGroup;
			children = (
				EDBE664F2E87F56300DCA52E /* LoginView.swift */,
				EDBE66502E87F56300DCA52E /* LoginUIView.swift */,
				EDBE66512E87F56300DCA52E /* Subviews */,
				EDBE665D2E87F56300DCA52E /* LoginFlowView.swift */,
			);
			path = Authentication;
			sourceTree = "<group>";
		};
		EDBE66512E87F56300DCA52E /* Subviews */ = {
			isa = PBXGroup;
			children = (
				EDBE66522E87F56300DCA52E /* DashboardView.swift */,
				EDBE66532E87F56300DCA52E /* Login_View.swift */,
				EDBE66542E87F56300DCA52E /* CountryPickerView.swift */,
				EDBE66552E87F56300DCA52E /* CodeEntryView.swift */,
				EDBE66562E87F56300DCA52E /* PasswordEntryView.swift */,
				EDBE66572E87F56300DCA52E /* PasswordSecondCreationView.swift */,
				EDBE66582E87F56300DCA52E /* PhoneEntryView.swift */,
				EDBE66592E87F56300DCA52E /* PasswordCreationView.swift */,
				EDBE665A2E87F56300DCA52E /* PhoneLoginView.swift */,
				EDBE665B2E87F56300DCA52E /* TermsConditionsView.swift */,
				EDBE665C2E87F56300DCA52E /* ExistingUserLoginView.swift */,
			);
			path = Subviews;
			sourceTree = "<group>";
		};
		EDBE665E2E87F56300DCA52E /* Models */ = {
			isa = PBXGroup;
			children = (
				EDBE665F2E87F56300DCA52E /* Country.swift */,
			);
			path = Models;
			sourceTree = "<group>";
		};
		EDBE66602E87F56400DCA52E /* Supporting Files */ = {
			isa = PBXGroup;
			children = (
				EDBE66612E87F56400DCA52E /* BlurView.swift */,
				EDBE66622E87F56400DCA52E /* Color+hexValue.swift */,
				EDBE66632E87F56400DCA52E /* FloatingPhoneField.swift */,
				EDBE66642E87F56400DCA52E /* NetworkHelper.swift */,
				EDBE66652E87F56400DCA52E /* UIWindow+UDID.swift */,
				EDBE66662E87F56400DCA52E /* CheckboxToggleStyle.swift */,
				EDBE66672E87F56400DCA52E /* ClearBackgroundPage.swift */,
				EDBE66682E87F56400DCA52E /* String+validation.swift */,
				EDBE66692E87F56400DCA52E /* AttributedTextView.swift */,
			);
			path = "Supporting Files";
			sourceTree = "<group>";
		};
/* End PBXGroup section */

/* Begin PBXNativeTarget section */
		EDBE66122E87F54800DCA52E /* Gym_Bob_App */ = {
			isa = PBXNativeTarget;
			buildConfigurationList = EDBE663C2E87F54D00DCA52E /* Build configuration list for PBXNativeTarget "Gym_Bob_App" */;
			buildPhases = (
				EDBE660F2E87F54800DCA52E /* Sources */,
				EDBE66102E87F54800DCA52E /* Frameworks */,
				EDBE66112E87F54800DCA52E /* Resources */,
			);
			buildRules = (
			);
			dependencies = (
			);
			name = Gym_Bob_App;
			productName = Gym_Bob_App;
			productReference = EDBE66132E87F54800DCA52E /* Gym_Bob_App.app */;
			productType = "com.apple.product-type.application";
		};
		EDBE66272E87F54D00DCA52E /* Gym_Bob_AppTests */ = {
			isa = PBXNativeTarget;
			buildConfigurationList = EDBE663F2E87F54D00DCA52E /* Build configuration list for PBXNativeTarget "Gym_Bob_AppTests" */;
			buildPhases = (
				EDBE66242E87F54D00DCA52E /* Sources */,
				EDBE66252E87F54D00DCA52E /* Frameworks */,
				EDBE66262E87F54D00DCA52E /* Resources */,
			);
			buildRules = (
			);
			dependencies = (
				EDBE662A2E87F54D00DCA52E /* PBXTargetDependency */,
			);
			name = Gym_Bob_AppTests;
			productName = Gym_Bob_AppTests;
			productReference = EDBE66282E87F54D00DCA52E /* Gym_Bob_AppTests.xctest */;
			productType = "com.apple.product-type.bundle.unit-test";
		};
		EDBE66312E87F54D00DCA52E /* Gym_Bob_AppUITests */ = {
			isa = PBXNativeTarget;
			buildConfigurationList = EDBE66422E87F54D00DCA52E /* Build configuration list for PBXNativeTarget "Gym_Bob_AppUITests" */;
			buildPhases = (
				EDBE662E2E87F54D00DCA52E /* Sources */,
				EDBE662F2E87F54D00DCA52E /* Frameworks */,
				EDBE66302E87F54D00DCA52E /* Resources */,
			);
			buildRules = (
			);
			dependencies = (
				EDBE66342E87F54D00DCA52E /* PBXTargetDependency */,
			);
			name = Gym_Bob_AppUITests;
			productName = Gym_Bob_AppUITests;
			productReference = EDBE66322E87F54D00DCA52E /* Gym_Bob_AppUITests.xctest */;
			productType = "com.apple.product-type.bundle.ui-testing";
		};
/* End PBXNativeTarget section */

/* Begin PBXProject section */
		EDBE660B2E87F54800DCA52E /* Project object */ = {
			isa = PBXProject;
			attributes = {
				BuildIndependentTargetsInParallel = 1;
				LastSwiftUpdateCheck = 1340;
				LastUpgradeCheck = 1340;
				TargetAttributes = {
					EDBE66122E87F54800DCA52E = {
						CreatedOnToolsVersion = 13.4.1;
					};
					EDBE66272E87F54D00DCA52E = {
						CreatedOnToolsVersion = 13.4.1;
						TestTargetID = EDBE66122E87F54800DCA52E;
					};
					EDBE66312E87F54D00DCA52E = {
						CreatedOnToolsVersion = 13.4.1;
						TestTargetID = EDBE66122E87F54800DCA52E;
					};
				};
			};
			buildConfigurationList = EDBE660E2E87F54800DCA52E /* Build configuration list for PBXProject "Gym_Bob_App" */;
			compatibilityVersion = "Xcode 13.0";
			developmentRegion = en;
			hasScannedForEncodings = 0;
			knownRegions = (
				en,
				Base,
			);
			mainGroup = EDBE660A2E87F54800DCA52E;
			productRefGroup = EDBE66142E87F54800DCA52E /* Products */;
			projectDirPath = "";
			projectRoot = "";
			targets = (
				EDBE66122E87F54800DCA52E /* Gym_Bob_App */,
				EDBE66272E87F54D00DCA52E /* Gym_Bob_AppTests */,
				EDBE66312E87F54D00DCA52E /* Gym_Bob_AppUITests */,
			);
		};
/* End PBXProject section */

/* Begin PBXResourcesBuildPhase section */
		EDBE66112E87F54800DCA52E /* Resources */ = {
			isa = PBXResourcesBuildPhase;
			buildActionMask = 2147483647;
			files = (
				EDBE661E2E87F54C00DCA52E /* Preview Assets.xcassets in Resources */,
				EDBE666B2E87F56400DCA52E /* loginUsingPhone.json in Resources */,
				EDBE661B2E87F54C00DCA52E /* Assets.xcassets in Resources */,
			);
			runOnlyForDeploymentPostprocessing = 0;
		};
		EDBE66262E87F54D00DCA52E /* Resources */ = {
			isa = PBXResourcesBuildPhase;
			buildActionMask = 2147483647;
			files = (
			);
			runOnlyForDeploymentPostprocessing = 0;
		};
		EDBE66302E87F54D00DCA52E /* Resources */ = {
			isa = PBXResourcesBuildPhase;
			buildActionMask = 2147483647;
			files = (
			);
			runOnlyForDeploymentPostprocessing = 0;
		};
/* End PBXResourcesBuildPhase section */

/* Begin PBXSourcesBuildPhase section */
		EDBE660F2E87F54800DCA52E /* Sources */ = {
			isa = PBXSourcesBuildPhase;
			buildActionMask = 2147483647;
			files = (
				EDBE66782E87F56400DCA52E /* PasswordCreationView.swift in Sources */,
				EDBE66702E87F56400DCA52E /* LoginUIView.swift in Sources */,
				EDBE66202E87F54C00DCA52E /* Persistence.swift in Sources */,
				EDBE66752E87F56400DCA52E /* PasswordEntryView.swift in Sources */,
				EDBE667F2E87F56400DCA52E /* Color+hexValue.swift in Sources */,
				EDBE66742E87F56400DCA52E /* CodeEntryView.swift in Sources */,
				EDBE66762E87F56400DCA52E /* PasswordSecondCreationView.swift in Sources */,
				EDBE667C2E87F56400DCA52E /* LoginFlowView.swift in Sources */,
				EDBE667B2E87F56400DCA52E /* ExistingUserLoginView.swift in Sources */,
				EDBE66802E87F56400DCA52E /* FloatingPhoneField.swift in Sources */,
				EDBE66812E87F56400DCA52E /* NetworkHelper.swift in Sources */,
				EDBE66862E87F56400DCA52E /* AttributedTextView.swift in Sources */,
				EDBE66722E87F56400DCA52E /* Login_View.swift in Sources */,
				EDBE667D2E87F56400DCA52E /* Country.swift in Sources */,
				EDBE666D2E87F56400DCA52E /* APIClient.swift in Sources */,
				EDBE66842E87F56400DCA52E /* ClearBackgroundPage.swift in Sources */,
				EDBE66792E87F56400DCA52E /* PhoneLoginView.swift in Sources */,
				EDBE66192E87F54800DCA52E /* ContentView.swift in Sources */,
				EDBE66732E87F56400DCA52E /* CountryPickerView.swift in Sources */,
				EDBE66822E87F56400DCA52E /* UIWindow+UDID.swift in Sources */,
				EDBE666F2E87F56400DCA52E /* LoginView.swift in Sources */,
				EDBE66852E87F56400DCA52E /* String+validation.swift in Sources */,
				EDBE667A2E87F56400DCA52E /* TermsConditionsView.swift in Sources */,
				EDBE66172E87F54800DCA52E /* Gym_Bob_AppApp.swift in Sources */,
				EDBE667E2E87F56400DCA52E /* BlurView.swift in Sources */,
				EDBE66832E87F56400DCA52E /* CheckboxToggleStyle.swift in Sources */,
				EDBE66712E87F56400DCA52E /* DashboardView.swift in Sources */,
				EDBE666A2E87F56400DCA52E /* LoginViewModel.swift in Sources */,
				EDBE666E2E87F56400DCA52E /* APIRouter.swift in Sources */,
				EDBE66232E87F54C00DCA52E /* Gym_Bob_App.xcdatamodeld in Sources */,
				EDBE66772E87F56400DCA52E /* PhoneEntryView.swift in Sources */,
				EDBE666C2E87F56400DCA52E /* Constants.swift in Sources */,
			);
			runOnlyForDeploymentPostprocessing = 0;
		};
		EDBE66242E87F54D00DCA52E /* Sources */ = {
			isa = PBXSourcesBuildPhase;
			buildActionMask = 2147483647;
			files = (
				EDBE662D2E87F54D00DCA52E /* Gym_Bob_AppTests.swift in Sources */,
			);
			runOnlyForDeploymentPostprocessing = 0;
		};
		EDBE662E2E87F54D00DCA52E /* Sources */ = {
			isa = PBXSourcesBuildPhase;
			buildActionMask = 2147483647;
			files = (
				EDBE66392E87F54D00DCA52E /* Gym_Bob_AppUITestsLaunchTests.swift in Sources */,
				EDBE66372E87F54D00DCA52E /* Gym_Bob_AppUITests.swift in Sources */,
			);
			runOnlyForDeploymentPostprocessing = 0;
		};
/* End PBXSourcesBuildPhase section */

/* Begin PBXTargetDependency section */
		EDBE662A2E87F54D00DCA52E /* PBXTargetDependency */ = {
			isa = PBXTargetDependency;
			target = EDBE66122E87F54800DCA52E /* Gym_Bob_App */;
			targetProxy = EDBE66292E87F54D00DCA52E /* PBXContainerItemProxy */;
		};
		EDBE66342E87F54D00DCA52E /* PBXTargetDependency */ = {
			isa = PBXTargetDependency;
			target = EDBE66122E87F54800DCA52E /* Gym_Bob_App */;
			targetProxy = EDBE66332E87F54D00DCA52E /* PBXContainerItemProxy */;
		};
/* End PBXTargetDependency section */

/* Begin XCBuildConfiguration section */
		EDBE663A2E87F54D00DCA52E /* Debug */ = {
			isa = XCBuildConfiguration;
			buildSettings = {
				ALWAYS_SEARCH_USER_PATHS = NO;
				CLANG_ANALYZER_NONNULL = YES;
				CLANG_ANALYZER_NUMBER_OBJECT_CONVERSION = YES_AGGRESSIVE;
				CLANG_CXX_LANGUAGE_STANDARD = "gnu++17";
				CLANG_ENABLE_MODULES = YES;
				CLANG_ENABLE_OBJC_ARC = YES;
				CLANG_ENABLE_OBJC_WEAK = YES;
				CLANG_WARN_BLOCK_CAPTURE_AUTORELEASING = YES;
				CLANG_WARN_BOOL_CONVERSION = YES;
				CLANG_WARN_COMMA = YES;
				CLANG_WARN_CONSTANT_CONVERSION = YES;
				CLANG_WARN_DEPRECATED_OBJC_IMPLEMENTATIONS = YES;
				CLANG_WARN_DIRECT_OBJC_ISA_USAGE = YES_ERROR;
				CLANG_WARN_DOCUMENTATION_COMMENTS = YES;
				CLANG_WARN_EMPTY_BODY = YES;
				CLANG_WARN_ENUM_CONVERSION = YES;
				CLANG_WARN_INFINITE_RECURSION = YES;
				CLANG_WARN_INT_CONVERSION = YES;
				CLANG_WARN_NON_LITERAL_NULL_CONVERSION = YES;
				CLANG_WARN_OBJC_IMPLICIT_RETAIN_SELF = YES;
				CLANG_WARN_OBJC_LITERAL_CONVERSION = YES;
				CLANG_WARN_OBJC_ROOT_CLASS = YES_ERROR;
				CLANG_WARN_QUOTED_INCLUDE_IN_FRAMEWORK_HEADER = YES;
				CLANG_WARN_RANGE_LOOP_ANALYSIS = YES;
				CLANG_WARN_STRICT_PROTOTYPES = YES;
				CLANG_WARN_SUSPICIOUS_MOVE = YES;
				CLANG_WARN_UNGUARDED_AVAILABILITY = YES_AGGRESSIVE;
				CLANG_WARN_UNREACHABLE_CODE = YES;
				CLANG_WARN__DUPLICATE_METHOD_MATCH = YES;
				COPY_PHASE_STRIP = NO;
				DEBUG_INFORMATION_FORMAT = dwarf;
				ENABLE_STRICT_OBJC_MSGSEND = YES;
				ENABLE_TESTABILITY = YES;
				GCC_C_LANGUAGE_STANDARD = gnu11;
				GCC_DYNAMIC_NO_PIC = NO;
				GCC_NO_COMMON_BLOCKS = YES;
				GCC_OPTIMIZATION_LEVEL = 0;
				GCC_PREPROCESSOR_DEFINITIONS = (
					"DEBUG=1",
					"$(inherited)",
				);
				GCC_WARN_64_TO_32_BIT_CONVERSION = YES;
				GCC_WARN_ABOUT_RETURN_TYPE = YES_ERROR;
				GCC_WARN_UNDECLARED_SELECTOR = YES;
				GCC_WARN_UNINITIALIZED_AUTOS = YES_AGGRESSIVE;
				GCC_WARN_UNUSED_FUNCTION = YES;
				GCC_WARN_UNUSED_VARIABLE = YES;
				IPHONEOS_DEPLOYMENT_TARGET = 15.5;
				MTL_ENABLE_DEBUG_INFO = INCLUDE_SOURCE;
				MTL_FAST_MATH = YES;
				ONLY_ACTIVE_ARCH = YES;
				SDKROOT = iphoneos;
				SWIFT_ACTIVE_COMPILATION_CONDITIONS = DEBUG;
				SWIFT_OPTIMIZATION_LEVEL = "-Onone";
			};
			name = Debug;
		};
		EDBE663B2E87F54D00DCA52E /* Release */ = {
			isa = XCBuildConfiguration;
			buildSettings = {
				ALWAYS_SEARCH_USER_PATHS = NO;
				CLANG_ANALYZER_NONNULL = YES;
				CLANG_ANALYZER_NUMBER_OBJECT_CONVERSION = YES_AGGRESSIVE;
				CLANG_CXX_LANGUAGE_STANDARD = "gnu++17";
				CLANG_ENABLE_MODULES = YES;
				CLANG_ENABLE_OBJC_ARC = YES;
				CLANG_ENABLE_OBJC_WEAK = YES;
				CLANG_WARN_BLOCK_CAPTURE_AUTORELEASING = YES;
				CLANG_WARN_BOOL_CONVERSION = YES;
				CLANG_WARN_COMMA = YES;
				CLANG_WARN_CONSTANT_CONVERSION = YES;
				CLANG_WARN_DEPRECATED_OBJC_IMPLEMENTATIONS = YES;
				CLANG_WARN_DIRECT_OBJC_ISA_USAGE = YES_ERROR;
				CLANG_WARN_DOCUMENTATION_COMMENTS = YES;
				CLANG_WARN_EMPTY_BODY = YES;
				CLANG_WARN_ENUM_CONVERSION = YES;
				CLANG_WARN_INFINITE_RECURSION = YES;
				CLANG_WARN_INT_CONVERSION = YES;
				CLANG_WARN_NON_LITERAL_NULL_CONVERSION = YES;
				CLANG_WARN_OBJC_IMPLICIT_RETAIN_SELF = YES;
				CLANG_WARN_OBJC_LITERAL_CONVERSION = YES;
				CLANG_WARN_OBJC_ROOT_CLASS = YES_ERROR;
				CLANG_WARN_QUOTED_INCLUDE_IN_FRAMEWORK_HEADER = YES;
				CLANG_WARN_RANGE_LOOP_ANALYSIS = YES;
				CLANG_WARN_STRICT_PROTOTYPES = YES;
				CLANG_WARN_SUSPICIOUS_MOVE = YES;
				CLANG_WARN_UNGUARDED_AVAILABILITY = YES_AGGRESSIVE;
				CLANG_WARN_UNREACHABLE_CODE = YES;
				CLANG_WARN__DUPLICATE_METHOD_MATCH = YES;
				COPY_PHASE_STRIP = NO;
				DEBUG_INFORMATION_FORMAT = "dwarf-with-dsym";
				ENABLE_NS_ASSERTIONS = NO;
				ENABLE_STRICT_OBJC_MSGSEND = YES;
				GCC_C_LANGUAGE_STANDARD = gnu11;
				GCC_NO_COMMON_BLOCKS = YES;
				GCC_WARN_64_TO_32_BIT_CONVERSION = YES;
				GCC_WARN_ABOUT_RETURN_TYPE = YES_ERROR;
				GCC_WARN_UNDECLARED_SELECTOR = YES;
				GCC_WARN_UNINITIALIZED_AUTOS = YES_AGGRESSIVE;
				GCC_WARN_UNUSED_FUNCTION = YES;
				GCC_WARN_UNUSED_VARIABLE = YES;
				IPHONEOS_DEPLOYMENT_TARGET = 15.5;
				MTL_ENABLE_DEBUG_INFO = NO;
				MTL_FAST_MATH = YES;
				SDKROOT = iphoneos;
				SWIFT_COMPILATION_MODE = wholemodule;
				SWIFT_OPTIMIZATION_LEVEL = "-O";
				VALIDATE_PRODUCT = YES;
			};
			name = Release;
		};
		EDBE663D2E87F54D00DCA52E /* Debug */ = {
			isa = XCBuildConfiguration;
			buildSettings = {
				ASSETCATALOG_COMPILER_APPICON_NAME = AppIcon;
				ASSETCATALOG_COMPILER_GLOBAL_ACCENT_COLOR_NAME = AccentColor;
				CODE_SIGN_STYLE = Automatic;
				CURRENT_PROJECT_VERSION = 1;
				DEVELOPMENT_ASSET_PATHS = "\"Gym_Bob_App/Preview Content\"";
				ENABLE_PREVIEWS = YES;
				GENERATE_INFOPLIST_FILE = YES;
				INFOPLIST_KEY_UIApplicationSceneManifest_Generation = YES;
				INFOPLIST_KEY_UIApplicationSupportsIndirectInputEvents = YES;
				INFOPLIST_KEY_UILaunchScreen_Generation = YES;
				INFOPLIST_KEY_UISupportedInterfaceOrientations_iPad = "UIInterfaceOrientationPortrait UIInterfaceOrientationPortraitUpsideDown UIInterfaceOrientationLandscapeLeft UIInterfaceOrientationLandscapeRight";
				INFOPLIST_KEY_UISupportedInterfaceOrientations_iPhone = "UIInterfaceOrientationPortrait UIInterfaceOrientationLandscapeLeft UIInterfaceOrientationLandscapeRight";
				LD_RUNPATH_SEARCH_PATHS = (
					"$(inherited)",
					"@executable_path/Frameworks",
				);
				MARKETING_VERSION = 1.0;
				PRODUCT_BUNDLE_IDENTIFIER = "com.68lion.Gym-Bob-App";
				PRODUCT_NAME = "$(TARGET_NAME)";
				SWIFT_EMIT_LOC_STRINGS = YES;
				SWIFT_VERSION = 5.0;
				TARGETED_DEVICE_FAMILY = "1,2";
			};
			name = Debug;
		};
		EDBE663E2E87F54D00DCA52E /* Release */ = {
			isa = XCBuildConfiguration;
			buildSettings = {
				ASSETCATALOG_COMPILER_APPICON_NAME = AppIcon;
				ASSETCATALOG_COMPILER_GLOBAL_ACCENT_COLOR_NAME = AccentColor;
				CODE_SIGN_STYLE = Automatic;
				CURRENT_PROJECT_VERSION = 1;
				DEVELOPMENT_ASSET_PATHS = "\"Gym_Bob_App/Preview Content\"";
				ENABLE_PREVIEWS = YES;
				GENERATE_INFOPLIST_FILE = YES;
				INFOPLIST_KEY_UIApplicationSceneManifest_Generation = YES;
				INFOPLIST_KEY_UIApplicationSupportsIndirectInputEvents = YES;
				INFOPLIST_KEY_UILaunchScreen_Generation = YES;
				INFOPLIST_KEY_UISupportedInterfaceOrientations_iPad = "UIInterfaceOrientationPortrait UIInterfaceOrientationPortraitUpsideDown UIInterfaceOrientationLandscapeLeft UIInterfaceOrientationLandscapeRight";
				INFOPLIST_KEY_UISupportedInterfaceOrientations_iPhone = "UIInterfaceOrientationPortrait UIInterfaceOrientationLandscapeLeft UIInterfaceOrientationLandscapeRight";
				LD_RUNPATH_SEARCH_PATHS = (
					"$(inherited)",
					"@executable_path/Frameworks",
				);
				MARKETING_VERSION = 1.0;
				PRODUCT_BUNDLE_IDENTIFIER = "com.68lion.Gym-Bob-App";
				PRODUCT_NAME = "$(TARGET_NAME)";
				SWIFT_EMIT_LOC_STRINGS = YES;
				SWIFT_VERSION = 5.0;
				TARGETED_DEVICE_FAMILY = "1,2";
			};
			name = Release;
		};
		EDBE66402E87F54D00DCA52E /* Debug */ = {
			isa = XCBuildConfiguration;
			buildSettings = {
				ALWAYS_EMBED_SWIFT_STANDARD_LIBRARIES = YES;
				BUNDLE_LOADER = "$(TEST_HOST)";
				CODE_SIGN_STYLE = Automatic;
				CURRENT_PROJECT_VERSION = 1;
				GENERATE_INFOPLIST_FILE = YES;
				IPHONEOS_DEPLOYMENT_TARGET = 15.5;
				MARKETING_VERSION = 1.0;
				PRODUCT_BUNDLE_IDENTIFIER = "com.68lion.Gym-Bob-AppTests";
				PRODUCT_NAME = "$(TARGET_NAME)";
				SWIFT_EMIT_LOC_STRINGS = NO;
				SWIFT_VERSION = 5.0;
				TARGETED_DEVICE_FAMILY = "1,2";
				TEST_HOST = "$(BUILT_PRODUCTS_DIR)/Gym_Bob_App.app/Gym_Bob_App";
			};
			name = Debug;
		};
		EDBE66412E87F54D00DCA52E /* Release */ = {
			isa = XCBuildConfiguration;
			buildSettings = {
				ALWAYS_EMBED_SWIFT_STANDARD_LIBRARIES = YES;
				BUNDLE_LOADER = "$(TEST_HOST)";
				CODE_SIGN_STYLE = Automatic;
				CURRENT_PROJECT_VERSION = 1;
				GENERATE_INFOPLIST_FILE = YES;
				IPHONEOS_DEPLOYMENT_TARGET = 15.5;
				MARKETING_VERSION = 1.0;
				PRODUCT_BUNDLE_IDENTIFIER = "com.68lion.Gym-Bob-AppTests";
				PRODUCT_NAME = "$(TARGET_NAME)";
				SWIFT_EMIT_LOC_STRINGS = NO;
				SWIFT_VERSION = 5.0;
				TARGETED_DEVICE_FAMILY = "1,2";
				TEST_HOST = "$(BUILT_PRODUCTS_DIR)/Gym_Bob_App.app/Gym_Bob_App";
			};
			name = Release;
		};
		EDBE66432E87F54D00DCA52E /* Debug */ = {
			isa = XCBuildConfiguration;
			buildSettings = {
				ALWAYS_EMBED_SWIFT_STANDARD_LIBRARIES = YES;
				CODE_SIGN_STYLE = Automatic;
				CURRENT_PROJECT_VERSION = 1;
				GENERATE_INFOPLIST_FILE = YES;
				MARKETING_VERSION = 1.0;
				PRODUCT_BUNDLE_IDENTIFIER = "com.68lion.Gym-Bob-AppUITests";
				PRODUCT_NAME = "$(TARGET_NAME)";
				SWIFT_EMIT_LOC_STRINGS = NO;
				SWIFT_VERSION = 5.0;
				TARGETED_DEVICE_FAMILY = "1,2";
				TEST_TARGET_NAME = Gym_Bob_App;
			};
			name = Debug;
		};
		EDBE66442E87F54D00DCA52E /* Release */ = {
			isa = XCBuildConfiguration;
			buildSettings = {
				ALWAYS_EMBED_SWIFT_STANDARD_LIBRARIES = YES;
				CODE_SIGN_STYLE = Automatic;
				CURRENT_PROJECT_VERSION = 1;
				GENERATE_INFOPLIST_FILE = YES;
				MARKETING_VERSION = 1.0;
				PRODUCT_BUNDLE_IDENTIFIER = "com.68lion.Gym-Bob-AppUITests";
				PRODUCT_NAME = "$(TARGET_NAME)";
				SWIFT_EMIT_LOC_STRINGS = NO;
				SWIFT_VERSION = 5.0;
				TARGETED_DEVICE_FAMILY = "1,2";
				TEST_TARGET_NAME = Gym_Bob_App;
			};
			name = Release;
		};
/* End XCBuildConfiguration section */

/* Begin XCConfigurationList section */
		EDBE660E2E87F54800DCA52E /* Build configuration list for PBXProject "Gym_Bob_App" */ = {
			isa = XCConfigurationList;
			buildConfigurations = (
				EDBE663A2E87F54D00DCA52E /* Debug */,
				EDBE663B2E87F54D00DCA52E /* Release */,
			);
			defaultConfigurationIsVisible = 0;
			defaultConfigurationName = Release;
		};
		EDBE663C2E87F54D00DCA52E /* Build configuration list for PBXNativeTarget "Gym_Bob_App" */ = {
			isa = XCConfigurationList;
			buildConfigurations = (
				EDBE663D2E87F54D00DCA52E /* Debug */,
				EDBE663E2E87F54D00DCA52E /* Release */,
			);
			defaultConfigurationIsVisible = 0;
			defaultConfigurationName = Release;
		};
		EDBE663F2E87F54D00DCA52E /* Build configuration list for PBXNativeTarget "Gym_Bob_AppTests" */ = {
			isa = XCConfigurationList;
			buildConfigurations = (
				EDBE66402E87F54D00DCA52E /* Debug */,
				EDBE66412E87F54D00DCA52E /* Release */,
			);
			defaultConfigurationIsVisible = 0;
			defaultConfigurationName = Release;
		};
		EDBE66422E87F54D00DCA52E /* Build configuration list for PBXNativeTarget "Gym_Bob_AppUITests" */ = {
			isa = XCConfigurationList;
			buildConfigurations = (
				EDBE66432E87F54D00DCA52E /* Debug */,
				EDBE66442E87F54D00DCA52E /* Release */,
			);
			defaultConfigurationIsVisible = 0;
			defaultConfigurationName = Release;
		};
/* End XCConfigurationList section */

/* Begin XCVersionGroup section */
		EDBE66212E87F54C00DCA52E /* Gym_Bob_App.xcdatamodeld */ = {
			isa = XCVersionGroup;
			children = (
				EDBE66222E87F54C00DCA52E /* Gym_Bob_App.xcdatamodel */,
			);
			currentVersion = EDBE66222E87F54C00DCA52E /* Gym_Bob_App.xcdatamodel */;
			path = Gym_Bob_App.xcdatamodeld;
			sourceTree = "<group>";
			versionGroupType = wrapper.xcdatamodel;
		};
/* End XCVersionGroup section */
	};
	rootObject = EDBE660B2E87F54800DCA52E /* Project object */;
}
